<?xml version="1.0" encoding="utf-8"?>
<Project ToolsVersion="4.0" xmlns="http://schemas.microsoft.com/developer/msbuild/2003">
  <ItemGroup>
    <Filter Include="Source Files">
      <UniqueIdentifier>{4FC737F1-C7A5-4376-A066-2A32D752A2FF}</UniqueIdentifier>
      <Extensions>cpp;c;cc;cxx;c++;cppm;ixx;def;odl;idl;hpj;bat;asm;asmx</Extensions>
    </Filter>
    <Filter Include="Header Files">
      <UniqueIdentifier>{93995380-89BD-4b04-88EB-625FBE52EBFB}</UniqueIdentifier>
      <Extensions>h;hh;hpp;hxx;h++;hm;inl;inc;ipp;xsd</Extensions>
    </Filter>
    <Filter Include="Resource Files">
      <UniqueIdentifier>{67DA6AB6-F800-4c08-8B7A-83BB121AAD01}</UniqueIdentifier>
      <Extensions>rc;ico;cur;bmp;dlg;rc2;rct;bin;rgs;gif;jpg;jpeg;jpe;resx;tiff;tif;png;wav;mfcribbon-ms</Extensions>
    </Filter>
    <Filter Include="Header Files\Card Types">
      <UniqueIdentifier>{881ba6c0-8442-4713-82ce-0a6cbf98164d}</UniqueIdentifier>
    </Filter>
    <Filter Include="Source Files\Card Types">
      <UniqueIdentifier>{b8d652c0-0197-4908-919d-94ed68cdd7bc}</UniqueIdentifier>
    </Filter>
  </ItemGroup>
  <ItemGroup>
    <ClCompile Include="SushiSlam.cpp">
      <Filter>Source Files</Filter>
    </ClCompile>
    <ClCompile Include="Game.cpp">
      <Filter>Source Files</Filter>
    </ClCompile>
    <ClCompile Include="Player.cpp">
      <Filter>Source Files</Filter>
    </ClCompile>
    <ClCompile Include="MakiCard.cpp">
      <Filter>Source Files\Card Types</Filter>
    </ClCompile>
  </ItemGroup>
  <ItemGroup>
    <ClInclude Include="Header\Game.h">
      <Filter>Header Files</Filter>
    </ClInclude>
    <ClInclude Include="Header\Player.h">
      <Filter>Header Files</Filter>
    </ClInclude>
    <ClInclude Include="Header\Card.h">
      <Filter>Header Files</Filter>
    </ClInclude>
    <ClInclude Include="Header\MakiCard.h">
      <Filter>Header Files\Card Types</Filter>
    </ClInclude>
    <ClInclude Include="Header\Tempura.h">
      <Filter>Header Files\Card Types</Filter>
    </ClInclude>
    <ClInclude Include="Header\Sashimi.h">
      <Filter>Header Files\Card Types</Filter>
    </ClInclude>
    <ClInclude Include="Header\Dumpling.h">
      <Filter>Header Files\Card Types</Filter>
    </ClInclude>
  </ItemGroup>
</Project>